
Microsoft Visual Studio Solution File, Format Version 12.00
# Visual Studio 14
VisualStudioVersion = 14.0.25123.0
MinimumVisualStudioVersion = 10.0.40219.1
Project("{FAE04EC0-301F-11D3-BF4B-00C04F79EFBC}") = "Point1", "Point1\Point1.csproj", "{509CABB2-5D82-428B-AE50-0E96170A513C}"
EndProject
Project("{FAE04EC0-301F-11D3-BF4B-00C04F79EFBC}") = "UnitTestProject1", "UnitTestProject1\UnitTestProject1.csproj", "{1C8BB243-7DEC-4908-B158-5F124F859615}"
EndProject
Global
	GlobalSection(SolutionConfigurationPlatforms) = preSolution
		Debug|Any CPU = Debug|Any CPU
		Debug|ARM = Debug|ARM
		Debug|x64 = Debug|x64
		Debug|x86 = Debug|x86
		Release|Any CPU = Release|Any CPU
		Release|ARM = Release|ARM
		Release|x64 = Release|x64
		Release|x86 = Release|x86
	EndGlobalSection
	GlobalSection(ProjectConfigurationPlatforms) = postSolution
		{509CABB2-5D82-428B-AE50-0E96170A513C}.Debug|Any CPU.ActiveCfg = Debug|x86
		{509CABB2-5D82-428B-AE50-0E96170A513C}.Debug|ARM.ActiveCfg = Debug|x86
		{509CABB2-5D82-428B-AE50-0E96170A513C}.Debug|x64.ActiveCfg = Debug|x86
		{509CABB2-5D82-428B-AE50-0E96170A513C}.Debug|x86.ActiveCfg = Debug|x86
		{509CABB2-5D82-428B-AE50-0E96170A513C}.Debug|x86.Build.0 = Debug|x86
		{509CABB2-5D82-428B-AE50-0E96170A513C}.Release|Any CPU.ActiveCfg = Release|x86
		{509CABB2-5D82-428B-AE50-0E96170A513C}.Release|ARM.ActiveCfg = Release|x86
		{509CABB2-5D82-428B-AE50-0E96170A513C}.Release|x64.ActiveCfg = Release|x86
		{509CABB2-5D82-428B-AE50-0E96170A513C}.Release|x86.ActiveCfg = Release|x86
		{509CABB2-5D82-428B-AE50-0E96170A513C}.Release|x86.Build.0 = Release|x86
		{1C8BB243-7DEC-4908-B158-5F124F859615}.Debug|Any CPU.ActiveCfg = Debug|Any CPU
		{1C8BB243-7DEC-4908-B158-5F124F859615}.Debug|Any CPU.Build.0 = Debug|Any CPU
		{1C8BB243-7DEC-4908-B158-5F124F859615}.Debug|ARM.ActiveCfg = Debug|Any CPU
		{1C8BB243-7DEC-4908-B158-5F124F859615}.Debug|ARM.Build.0 = Debug|Any CPU
		{1C8BB243-7DEC-4908-B158-5F124F859615}.Debug|x64.ActiveCfg = Debug|Any CPU
		{1C8BB243-7DEC-4908-B158-5F124F859615}.Debug|x64.Build.0 = Debug|Any CPU
		{1C8BB243-7DEC-4908-B158-5F124F859615}.Debug|x86.ActiveCfg = Debug|Any CPU
		{1C8BB243-7DEC-4908-B158-5F124F859615}.Debug|x86.Build.0 = Debug|Any CPU
		{1C8BB243-7DEC-4908-B158-5F124F859615}.Release|Any CPU.ActiveCfg = Release|Any CPU
		{1C8BB243-7DEC-4908-B158-5F124F859615}.Release|Any CPU.Build.0 = Release|Any CPU
		{1C8BB243-7DEC-4908-B158-5F124F859615}.Release|ARM.ActiveCfg = Release|Any CPU
		{1C8BB243-7DEC-4908-B158-5F124F859615}.Release|ARM.Build.0 = Release|Any CPU
		{1C8BB243-7DEC-4908-B158-5F124F859615}.Release|x64.ActiveCfg = Release|Any CPU
		{1C8BB243-7DEC-4908-B158-5F124F859615}.Release|x64.Build.0 = Release|Any CPU
		{1C8BB243-7DEC-4908-B158-5F124F859615}.Release|x86.ActiveCfg = Release|Any CPU
		{1C8BB243-7DEC-4908-B158-5F124F859615}.Release|x86.Build.0 = Release|Any CPU
	EndGlobalSection
	GlobalSection(SolutionProperties) = preSolution
		HideSolutionNode = FALSE
	EndGlobalSection
EndGlobal
